
Microsoft Visual Studio Solution File, Format Version 12.00
# Visual Studio Version 16
VisualStudioVersion = 16.0.29613.14
MinimumVisualStudioVersion = 10.0.40219.1
Project("{9A19103F-16F7-4668-BE54-9A1E7A4F7556}") = "UnitTests", "UnitTests\UnitTests.csproj", "{63DAA8AE-DB7E-4A5A-B649-9383006D8199}"
EndProject
Project("{9A19103F-16F7-4668-BE54-9A1E7A4F7556}") = "ObjectConfig.Migrator", "ObjectConfig.Migrator\ObjectConfig.Migrator.csproj", "{F28E4603-C56A-4D3D-8C32-9BE1846C00DF}"
EndProject
Project("{9A19103F-16F7-4668-BE54-9A1E7A4F7556}") = "ObjectConfig.Api", "ObjectConfig.Api\ObjectConfig.Api.csproj", "{B210920D-A2D1-4185-AA88-487911DB85B1}"
EndProject
Project("{9A19103F-16F7-4668-BE54-9A1E7A4F7556}") = "ObjectConfig", "ObjectConfig\ObjectConfig.csproj", "{8AE7FD0F-99E6-4196-B466-C6DF9216CEE5}"
EndProject
Project("{9A19103F-16F7-4668-BE54-9A1E7A4F7556}") = "ObjectConfig.Features", "ObjectConfig.Features\ObjectConfig.Features.csproj", "{44AA66EE-6E79-49E6-8AB0-7FC6E8B7AAC4}"
EndProject
Project("{2150E333-8FDC-42A3-9474-1A3956D46DE8}") = "Test", "Test", "{34869EB8-11DB-4CB6-A472-ACDFDE4396C1}"
EndProject
Project("{2150E333-8FDC-42A3-9474-1A3956D46DE8}") = "Utils", "Utils", "{D58D516E-68A1-4B64-8E09-4B84CB870A03}"
EndProject
Project("{2150E333-8FDC-42A3-9474-1A3956D46DE8}") = "Solution Items", "Solution Items", "{D44D3D47-DB7B-41CE-8B6A-441C28B8D523}"
	ProjectSection(SolutionItems) = preProject
		.editorconfig = .editorconfig
		.gitattributes = .gitattributes
		.gitignore = .gitignore
		Directory.Build.props = Directory.Build.props
		stylecop.json = stylecop.json
		StyleCop.ruleset = StyleCop.ruleset
	EndProjectSection
EndProject
Global
	GlobalSection(SolutionConfigurationPlatforms) = preSolution
		Debug|Any CPU = Debug|Any CPU
		Release|Any CPU = Release|Any CPU
	EndGlobalSection
	GlobalSection(ProjectConfigurationPlatforms) = postSolution
		{63DAA8AE-DB7E-4A5A-B649-9383006D8199}.Debug|Any CPU.ActiveCfg = Debug|Any CPU
		{63DAA8AE-DB7E-4A5A-B649-9383006D8199}.Debug|Any CPU.Build.0 = Debug|Any CPU
		{63DAA8AE-DB7E-4A5A-B649-9383006D8199}.Release|Any CPU.ActiveCfg = Release|Any CPU
		{63DAA8AE-DB7E-4A5A-B649-9383006D8199}.Release|Any CPU.Build.0 = Release|Any CPU
		{F28E4603-C56A-4D3D-8C32-9BE1846C00DF}.Debug|Any CPU.ActiveCfg = Debug|Any CPU
		{F28E4603-C56A-4D3D-8C32-9BE1846C00DF}.Debug|Any CPU.Build.0 = Debug|Any CPU
		{F28E4603-C56A-4D3D-8C32-9BE1846C00DF}.Release|Any CPU.ActiveCfg = Release|Any CPU
		{F28E4603-C56A-4D3D-8C32-9BE1846C00DF}.Release|Any CPU.Build.0 = Release|Any CPU
		{B210920D-A2D1-4185-AA88-487911DB85B1}.Debug|Any CPU.ActiveCfg = Debug|Any CPU
		{B210920D-A2D1-4185-AA88-487911DB85B1}.Debug|Any CPU.Build.0 = Debug|Any CPU
		{B210920D-A2D1-4185-AA88-487911DB85B1}.Release|Any CPU.ActiveCfg = Release|Any CPU
		{B210920D-A2D1-4185-AA88-487911DB85B1}.Release|Any CPU.Build.0 = Release|Any CPU
		{8AE7FD0F-99E6-4196-B466-C6DF9216CEE5}.Debug|Any CPU.ActiveCfg = Debug|Any CPU
		{8AE7FD0F-99E6-4196-B466-C6DF9216CEE5}.Debug|Any CPU.Build.0 = Debug|Any CPU
		{8AE7FD0F-99E6-4196-B466-C6DF9216CEE5}.Release|Any CPU.ActiveCfg = Release|Any CPU
		{8AE7FD0F-99E6-4196-B466-C6DF9216CEE5}.Release|Any CPU.Build.0 = Release|Any CPU
		{44AA66EE-6E79-49E6-8AB0-7FC6E8B7AAC4}.Debug|Any CPU.ActiveCfg = Debug|Any CPU
		{44AA66EE-6E79-49E6-8AB0-7FC6E8B7AAC4}.Debug|Any CPU.Build.0 = Debug|Any CPU
		{44AA66EE-6E79-49E6-8AB0-7FC6E8B7AAC4}.Release|Any CPU.ActiveCfg = Release|Any CPU
		{44AA66EE-6E79-49E6-8AB0-7FC6E8B7AAC4}.Release|Any CPU.Build.0 = Release|Any CPU
	EndGlobalSection
	GlobalSection(SolutionProperties) = preSolution
		HideSolutionNode = FALSE
	EndGlobalSection
	GlobalSection(NestedProjects) = preSolution
		{63DAA8AE-DB7E-4A5A-B649-9383006D8199} = {34869EB8-11DB-4CB6-A472-ACDFDE4396C1}
		{F28E4603-C56A-4D3D-8C32-9BE1846C00DF} = {D58D516E-68A1-4B64-8E09-4B84CB870A03}
	EndGlobalSection
	GlobalSection(ExtensibilityGlobals) = postSolution
		SolutionGuid = {11F1048C-46AE-45A5-B471-439C630B1DE2}
	EndGlobalSection
EndGlobal
