
Microsoft Visual Studio Solution File, Format Version 12.00
# Visual Studio Version 16
VisualStudioVersion = 16.0.29613.14
MinimumVisualStudioVersion = 10.0.40219.1
Project("{9A19103F-16F7-4668-BE54-9A1E7A4F7556}") = "ObjectConfig", "ObjectConfig\ObjectConfig.csproj", "{554CAC37-BBC1-45D9-B00F-37D8E86E4386}"
EndProject
Project("{FAE04EC0-301F-11D3-BF4B-00C04F79EFBC}") = "ObjectConfig.Data", "ObjectConfig.Data\ObjectConfig.Data.csproj", "{98A0EFCF-C52B-451D-AF6A-A133B1A8F10D}"
EndProject
Project("{FAE04EC0-301F-11D3-BF4B-00C04F79EFBC}") = "UnitTests", "UnitTests\UnitTests.csproj", "{63DAA8AE-DB7E-4A5A-B649-9383006D8199}"
EndProject
Project("{FAE04EC0-301F-11D3-BF4B-00C04F79EFBC}") = "ObjectConfig.Migrator", "ObjectConfig.Migrator\ObjectConfig.Migrator.csproj", "{F28E4603-C56A-4D3D-8C32-9BE1846C00DF}"
EndProject
Global
	GlobalSection(SolutionConfigurationPlatforms) = preSolution
		Debug|Any CPU = Debug|Any CPU
		Release|Any CPU = Release|Any CPU
	EndGlobalSection
	GlobalSection(ProjectConfigurationPlatforms) = postSolution
		{554CAC37-BBC1-45D9-B00F-37D8E86E4386}.Debug|Any CPU.ActiveCfg = Debug|Any CPU
		{554CAC37-BBC1-45D9-B00F-37D8E86E4386}.Debug|Any CPU.Build.0 = Debug|Any CPU
		{554CAC37-BBC1-45D9-B00F-37D8E86E4386}.Release|Any CPU.ActiveCfg = Release|Any CPU
		{554CAC37-BBC1-45D9-B00F-37D8E86E4386}.Release|Any CPU.Build.0 = Release|Any CPU
		{98A0EFCF-C52B-451D-AF6A-A133B1A8F10D}.Debug|Any CPU.ActiveCfg = Debug|Any CPU
		{98A0EFCF-C52B-451D-AF6A-A133B1A8F10D}.Debug|Any CPU.Build.0 = Debug|Any CPU
		{98A0EFCF-C52B-451D-AF6A-A133B1A8F10D}.Release|Any CPU.ActiveCfg = Release|Any CPU
		{98A0EFCF-C52B-451D-AF6A-A133B1A8F10D}.Release|Any CPU.Build.0 = Release|Any CPU
		{63DAA8AE-DB7E-4A5A-B649-9383006D8199}.Debug|Any CPU.ActiveCfg = Debug|Any CPU
		{63DAA8AE-DB7E-4A5A-B649-9383006D8199}.Debug|Any CPU.Build.0 = Debug|Any CPU
		{63DAA8AE-DB7E-4A5A-B649-9383006D8199}.Release|Any CPU.ActiveCfg = Release|Any CPU
		{63DAA8AE-DB7E-4A5A-B649-9383006D8199}.Release|Any CPU.Build.0 = Release|Any CPU
		{F28E4603-C56A-4D3D-8C32-9BE1846C00DF}.Debug|Any CPU.ActiveCfg = Debug|Any CPU
		{F28E4603-C56A-4D3D-8C32-9BE1846C00DF}.Debug|Any CPU.Build.0 = Debug|Any CPU
		{F28E4603-C56A-4D3D-8C32-9BE1846C00DF}.Release|Any CPU.ActiveCfg = Release|Any CPU
		{F28E4603-C56A-4D3D-8C32-9BE1846C00DF}.Release|Any CPU.Build.0 = Release|Any CPU
	EndGlobalSection
	GlobalSection(SolutionProperties) = preSolution
		HideSolutionNode = FALSE
	EndGlobalSection
	GlobalSection(ExtensibilityGlobals) = postSolution
		SolutionGuid = {11F1048C-46AE-45A5-B471-439C630B1DE2}
	EndGlobalSection
EndGlobal
